
Microsoft Visual Studio Solution File, Format Version 12.00
# Visual Studio Version 17
VisualStudioVersion = 17.11.35327.3
MinimumVisualStudioVersion = 10.0.40219.1
Project("{2150E333-8FDC-42A3-9474-1A3956D46DE8}") = "src", "src", "{FDC8F1C4-7B3A-4B7E-BECD-68AD1DDCF03A}"
EndProject
Project("{FAE04EC0-301F-11D3-BF4B-00C04F79EFBC}") = "WorkerService", "src\WorkerService\WorkerService.csproj", "{F58E58DA-4D9D-4C58-A574-F839F9079B14}"
EndProject
Global
	GlobalSection(SolutionConfigurationPlatforms) = preSolution
		Debug|Any CPU = Debug|Any CPU
		Release|Any CPU = Release|Any CPU
	EndGlobalSection
	GlobalSection(ProjectConfigurationPlatforms) = postSolution
		{F58E58DA-4D9D-4C58-A574-F839F9079B14}.Debug|Any CPU.ActiveCfg = Debug|Any CPU
		{F58E58DA-4D9D-4C58-A574-F839F9079B14}.Debug|Any CPU.Build.0 = Debug|Any CPU
		{F58E58DA-4D9D-4C58-A574-F839F9079B14}.Release|Any CPU.ActiveCfg = Release|Any CPU
		{F58E58DA-4D9D-4C58-A574-F839F9079B14}.Release|Any CPU.Build.0 = Release|Any CPU
	EndGlobalSection
	GlobalSection(SolutionProperties) = preSolution
		HideSolutionNode = FALSE
	EndGlobalSection
	GlobalSection(NestedProjects) = preSolution
		{F58E58DA-4D9D-4C58-A574-F839F9079B14} = {FDC8F1C4-7B3A-4B7E-BECD-68AD1DDCF03A}
	EndGlobalSection
	GlobalSection(ExtensibilityGlobals) = postSolution
		SolutionGuid = {FEB92B67-B345-4548-BDAB-C3E616CD24BE}
	EndGlobalSection
EndGlobal
